
Microsoft Visual Studio Solution File, Format Version 12.00
# Visual Studio Version 16
VisualStudioVersion = 16.0.29509.3
MinimumVisualStudioVersion = 10.0.40219.1
Project("{FAE04EC0-301F-11D3-BF4B-00C04F79EFBC}") = "S2.WpfIntro.Exercise01", "S2.WpfIntro.Exercise01\S2.WpfIntro.Exercise01.csproj", "{B4515337-F136-4AF0-B20F-E02C6ADA8CCD}"
EndProject
Project("{FAE04EC0-301F-11D3-BF4B-00C04F79EFBC}") = "S2.WpfIntro.Exercise02", "S2.WpfIntro.Exercise02\S2.WpfIntro.Exercise02.csproj", "{C25729B0-5125-4BE7-AA42-29381F8F7D81}"
EndProject
Project("{FAE04EC0-301F-11D3-BF4B-00C04F79EFBC}") = "S2.WpfIntro.Exercise03", "S2.WpfIntro.Exercise03\S2.WpfIntro.Exercise03.csproj", "{95BCC926-B5D5-48E6-821E-CB2E538D3658}"
EndProject
Global
	GlobalSection(SolutionConfigurationPlatforms) = preSolution
		Debug|Any CPU = Debug|Any CPU
		Release|Any CPU = Release|Any CPU
	EndGlobalSection
	GlobalSection(ProjectConfigurationPlatforms) = postSolution
		{B4515337-F136-4AF0-B20F-E02C6ADA8CCD}.Debug|Any CPU.ActiveCfg = Debug|Any CPU
		{B4515337-F136-4AF0-B20F-E02C6ADA8CCD}.Debug|Any CPU.Build.0 = Debug|Any CPU
		{B4515337-F136-4AF0-B20F-E02C6ADA8CCD}.Release|Any CPU.ActiveCfg = Release|Any CPU
		{B4515337-F136-4AF0-B20F-E02C6ADA8CCD}.Release|Any CPU.Build.0 = Release|Any CPU
		{C25729B0-5125-4BE7-AA42-29381F8F7D81}.Debug|Any CPU.ActiveCfg = Debug|Any CPU
		{C25729B0-5125-4BE7-AA42-29381F8F7D81}.Debug|Any CPU.Build.0 = Debug|Any CPU
		{C25729B0-5125-4BE7-AA42-29381F8F7D81}.Release|Any CPU.ActiveCfg = Release|Any CPU
		{C25729B0-5125-4BE7-AA42-29381F8F7D81}.Release|Any CPU.Build.0 = Release|Any CPU
		{95BCC926-B5D5-48E6-821E-CB2E538D3658}.Debug|Any CPU.ActiveCfg = Debug|Any CPU
		{95BCC926-B5D5-48E6-821E-CB2E538D3658}.Debug|Any CPU.Build.0 = Debug|Any CPU
		{95BCC926-B5D5-48E6-821E-CB2E538D3658}.Release|Any CPU.ActiveCfg = Release|Any CPU
		{95BCC926-B5D5-48E6-821E-CB2E538D3658}.Release|Any CPU.Build.0 = Release|Any CPU
	EndGlobalSection
	GlobalSection(SolutionProperties) = preSolution
		HideSolutionNode = FALSE
	EndGlobalSection
	GlobalSection(ExtensibilityGlobals) = postSolution
		SolutionGuid = {9CDBB234-95AB-4B11-8C93-6D82547A7BA7}
	EndGlobalSection
EndGlobal
